
Microsoft Visual Studio Solution File, Format Version 12.00
Project("{FAE04EC0-301F-11D3-BF4B-00C04F79EFBC}") = "ShoppingBasket", "ShoppingBasket\ShoppingBasket.csproj", "{5E11F186-084D-4504-92EE-F5AB82871310}"
EndProject
Project("{FAE04EC0-301F-11D3-BF4B-00C04F79EFBC}") = "ShoppingBasket.tests", "ShoppingBasket.tests\ShoppingBasket.tests.csproj", "{4BAAE9C5-93AB-43E0-9B0F-279B1866E3E9}"
EndProject
Global
	GlobalSection(SolutionConfigurationPlatforms) = preSolution
		Debug|Any CPU = Debug|Any CPU
		Release|Any CPU = Release|Any CPU
	EndGlobalSection
	GlobalSection(ProjectConfigurationPlatforms) = postSolution
		{5E11F186-084D-4504-92EE-F5AB82871310}.Debug|Any CPU.ActiveCfg = Debug|Any CPU
		{5E11F186-084D-4504-92EE-F5AB82871310}.Debug|Any CPU.Build.0 = Debug|Any CPU
		{5E11F186-084D-4504-92EE-F5AB82871310}.Release|Any CPU.ActiveCfg = Release|Any CPU
		{5E11F186-084D-4504-92EE-F5AB82871310}.Release|Any CPU.Build.0 = Release|Any CPU
		{4BAAE9C5-93AB-43E0-9B0F-279B1866E3E9}.Debug|Any CPU.ActiveCfg = Debug|Any CPU
		{4BAAE9C5-93AB-43E0-9B0F-279B1866E3E9}.Debug|Any CPU.Build.0 = Debug|Any CPU
		{4BAAE9C5-93AB-43E0-9B0F-279B1866E3E9}.Release|Any CPU.ActiveCfg = Release|Any CPU
		{4BAAE9C5-93AB-43E0-9B0F-279B1866E3E9}.Release|Any CPU.Build.0 = Release|Any CPU
	EndGlobalSection
EndGlobal
